// !$*UTF8*$!
{
	archiveVersion = 1;
	classes = {
	};
	objectVersion = 55;
	objects = {

/* Begin PBXBuildFile section */
		31A400A027A53F3E00CC6E17 /* H4K0R_NewsApp.swift in Sources */ = {isa = PBXBuildFile; fileRef = 31A4009F27A53F3E00CC6E17 /* H4K0R_NewsApp.swift */; };
		31A400A227A53F3E00CC6E17 /* PostsListView.swift in Sources */ = {isa = PBXBuildFile; fileRef = 31A400A127A53F3E00CC6E17 /* PostsListView.swift */; };
		31A400A427A53F4000CC6E17 /* Assets.xcassets in Resources */ = {isa = PBXBuildFile; fileRef = 31A400A327A53F4000CC6E17 /* Assets.xcassets */; };
		31A400A727A53F4000CC6E17 /* Preview Assets.xcassets in Resources */ = {isa = PBXBuildFile; fileRef = 31A400A627A53F4000CC6E17 /* Preview Assets.xcassets */; };
		31A400AF27A5424F00CC6E17 /* NetworkManager.swift in Sources */ = {isa = PBXBuildFile; fileRef = 31A400AE27A5424F00CC6E17 /* NetworkManager.swift */; };
		31A400B127A543C000CC6E17 /* PostData.swift in Sources */ = {isa = PBXBuildFile; fileRef = 31A400B027A543C000CC6E17 /* PostData.swift */; };
		31A400B327A54BEF00CC6E17 /* PostView.swift in Sources */ = {isa = PBXBuildFile; fileRef = 31A400B227A54BEF00CC6E17 /* PostView.swift */; };
		31A400B627A78D2700CC6E17 /* WebView.swift in Sources */ = {isa = PBXBuildFile; fileRef = 31A400B527A78D2700CC6E17 /* WebView.swift */; };
/* End PBXBuildFile section */

/* Begin PBXFileReference section */
		31A4009C27A53F3E00CC6E17 /* H4K0R News.app */ = {isa = PBXFileReference; explicitFileType = wrapper.application; includeInIndex = 0; path = "H4K0R News.app"; sourceTree = BUILT_PRODUCTS_DIR; };
		31A4009F27A53F3E00CC6E17 /* H4K0R_NewsApp.swift */ = {isa = PBXFileReference; lastKnownFileType = sourcecode.swift; path = H4K0R_NewsApp.swift; sourceTree = "<group>"; };
		31A400A127A53F3E00CC6E17 /* PostsListView.swift */ = {isa = PBXFileReference; lastKnownFileType = sourcecode.swift; path = PostsListView.swift; sourceTree = "<group>"; };
		31A400A327A53F4000CC6E17 /* Assets.xcassets */ = {isa = PBXFileReference; lastKnownFileType = folder.assetcatalog; path = Assets.xcassets; sourceTree = "<group>"; };
		31A400A627A53F4000CC6E17 /* Preview Assets.xcassets */ = {isa = PBXFileReference; lastKnownFileType = folder.assetcatalog; path = "Preview Assets.xcassets"; sourceTree = "<group>"; };
		31A400AE27A5424F00CC6E17 /* NetworkManager.swift */ = {isa = PBXFileReference; lastKnownFileType = sourcecode.swift; path = NetworkManager.swift; sourceTree = "<group>"; };
		31A400B027A543C000CC6E17 /* PostData.swift */ = {isa = PBXFileReference; lastKnownFileType = sourcecode.swift; path = PostData.swift; sourceTree = "<group>"; };
		31A400B227A54BEF00CC6E17 /* PostView.swift */ = {isa = PBXFileReference; lastKnownFileType = sourcecode.swift; path = PostView.swift; sourceTree = "<group>"; };
		31A400B527A78D2700CC6E17 /* WebView.swift */ = {isa = PBXFileReference; lastKnownFileType = sourcecode.swift; path = WebView.swift; sourceTree = "<group>"; };
/* End PBXFileReference section */

/* Begin PBXFrameworksBuildPhase section */
		31A4009927A53F3E00CC6E17 /* Frameworks */ = {
			isa = PBXFrameworksBuildPhase;
			buildActionMask = 2147483647;
			files = (
			);
			runOnlyForDeploymentPostprocessing = 0;
		};
/* End PBXFrameworksBuildPhase section */

/* Begin PBXGroup section */
		31A4009327A53F3E00CC6E17 = {
			isa = PBXGroup;
			children = (
				31A4009E27A53F3E00CC6E17 /* H4K0R News */,
				31A4009D27A53F3E00CC6E17 /* Products */,
			);
			sourceTree = "<group>";
		};
		31A4009D27A53F3E00CC6E17 /* Products */ = {
			isa = PBXGroup;
			children = (
				31A4009C27A53F3E00CC6E17 /* H4K0R News.app */,
			);
			name = Products;
			sourceTree = "<group>";
		};
		31A4009E27A53F3E00CC6E17 /* H4K0R News */ = {
			isa = PBXGroup;
			children = (
				31A400B427A54CB800CC6E17 /* Views */,
				31A400AD27A5424000CC6E17 /* Models */,
				31A4009F27A53F3E00CC6E17 /* H4K0R_NewsApp.swift */,
				31A400A327A53F4000CC6E17 /* Assets.xcassets */,
				31A400A527A53F4000CC6E17 /* Preview Content */,
			);
			path = "H4K0R News";
			sourceTree = "<group>";
		};
		31A400A527A53F4000CC6E17 /* Preview Content */ = {
			isa = PBXGroup;
			children = (
				31A400A627A53F4000CC6E17 /* Preview Assets.xcassets */,
			);
			path = "Preview Content";
			sourceTree = "<group>";
		};
		31A400AD27A5424000CC6E17 /* Models */ = {
			isa = PBXGroup;
			children = (
				31A400AE27A5424F00CC6E17 /* NetworkManager.swift */,
				31A400B027A543C000CC6E17 /* PostData.swift */,
			);
			path = Models;
			sourceTree = "<group>";
		};
		31A400B427A54CB800CC6E17 /* Views */ = {
			isa = PBXGroup;
			children = (
				31A400B227A54BEF00CC6E17 /* PostView.swift */,
				31A400A127A53F3E00CC6E17 /* PostsListView.swift */,
				31A400B527A78D2700CC6E17 /* WebView.swift */,
			);
			path = Views;
			sourceTree = "<group>";
		};
/* End PBXGroup section */

/* Begin PBXNativeTarget section */
		31A4009B27A53F3E00CC6E17 /* H4K0R News */ = {
			isa = PBXNativeTarget;
			buildConfigurationList = 31A400AA27A53F4000CC6E17 /* Build configuration list for PBXNativeTarget "H4K0R News" */;
			buildPhases = (
				31A4009827A53F3E00CC6E17 /* Sources */,
				31A4009927A53F3E00CC6E17 /* Frameworks */,
				31A4009A27A53F3E00CC6E17 /* Resources */,
			);
			buildRules = (
			);
			dependencies = (
			);
			name = "H4K0R News";
			productName = "H4K0R News";
			productReference = 31A4009C27A53F3E00CC6E17 /* H4K0R News.app */;
			productType = "com.apple.product-type.application";
		};
/* End PBXNativeTarget section */

/* Begin PBXProject section */
		31A4009427A53F3E00CC6E17 /* Project object */ = {
			isa = PBXProject;
			attributes = {
				BuildIndependentTargetsInParallel = 1;
				LastSwiftUpdateCheck = 1320;
				LastUpgradeCheck = 1320;
				TargetAttributes = {
					31A4009B27A53F3E00CC6E17 = {
						CreatedOnToolsVersion = 13.2.1;
					};
				};
			};
			buildConfigurationList = 31A4009727A53F3E00CC6E17 /* Build configuration list for PBXProject "H4K0R News" */;
			compatibilityVersion = "Xcode 13.0";
			developmentRegion = en;
			hasScannedForEncodings = 0;
			knownRegions = (
				en,
				Base,
			);
			mainGroup = 31A4009327A53F3E00CC6E17;
			productRefGroup = 31A4009D27A53F3E00CC6E17 /* Products */;
			projectDirPath = "";
			projectRoot = "";
			targets = (
				31A4009B27A53F3E00CC6E17 /* H4K0R News */,
			);
		};
/* End PBXProject section */

/* Begin PBXResourcesBuildPhase section */
		31A4009A27A53F3E00CC6E17 /* Resources */ = {
			isa = PBXResourcesBuildPhase;
			buildActionMask = 2147483647;
			files = (
				31A400A727A53F4000CC6E17 /* Preview Assets.xcassets in Resources */,
				31A400A427A53F4000CC6E17 /* Assets.xcassets in Resources */,
			);
			runOnlyForDeploymentPostprocessing = 0;
		};
/* End PBXResourcesBuildPhase section */

/* Begin PBXSourcesBuildPhase section */
		31A4009827A53F3E00CC6E17 /* Sources */ = {
			isa = PBXSourcesBuildPhase;
			buildActionMask = 2147483647;
			files = (
				31A400AF27A5424F00CC6E17 /* NetworkManager.swift in Sources */,
				31A400B127A543C000CC6E17 /* PostData.swift in Sources */,
				31A400A227A53F3E00CC6E17 /* PostsListView.swift in Sources */,
				31A400B627A78D2700CC6E17 /* WebView.swift in Sources */,
				31A400B327A54BEF00CC6E17 /* PostView.swift in Sources */,
				31A400A027A53F3E00CC6E17 /* H4K0R_NewsApp.swift in Sources */,
			);
			runOnlyForDeploymentPostprocessing = 0;
		};
/* End PBXSourcesBuildPhase section */

/* Begin XCBuildConfiguration section */
		31A400A827A53F4000CC6E17 /* Debug */ = {
			isa = XCBuildConfiguration;
			buildSettings = {
				ALWAYS_SEARCH_USER_PATHS = NO;
				CLANG_ANALYZER_NONNULL = YES;
				CLANG_ANALYZER_NUMBER_OBJECT_CONVERSION = YES_AGGRESSIVE;
				CLANG_CXX_LANGUAGE_STANDARD = "gnu++17";
				CLANG_CXX_LIBRARY = "libc++";
				CLANG_ENABLE_MODULES = YES;
				CLANG_ENABLE_OBJC_ARC = YES;
				CLANG_ENABLE_OBJC_WEAK = YES;
				CLANG_WARN_BLOCK_CAPTURE_AUTORELEASING = YES;
				CLANG_WARN_BOOL_CONVERSION = YES;
				CLANG_WARN_COMMA = YES;
				CLANG_WARN_CONSTANT_CONVERSION = YES;
				CLANG_WARN_DEPRECATED_OBJC_IMPLEMENTATIONS = YES;
				CLANG_WARN_DIRECT_OBJC_ISA_USAGE = YES_ERROR;
				CLANG_WARN_DOCUMENTATION_COMMENTS = YES;
				CLANG_WARN_EMPTY_BODY = YES;
				CLANG_WARN_ENUM_CONVERSION = YES;
				CLANG_WARN_INFINITE_RECURSION = YES;
				CLANG_WARN_INT_CONVERSION = YES;
				CLANG_WARN_NON_LITERAL_NULL_CONVERSION = YES;
				CLANG_WARN_OBJC_IMPLICIT_RETAIN_SELF = YES;
				CLANG_WARN_OBJC_LITERAL_CONVERSION = YES;
				CLANG_WARN_OBJC_ROOT_CLASS = YES_ERROR;
				CLANG_WARN_QUOTED_INCLUDE_IN_FRAMEWORK_HEADER = YES;
				CLANG_WARN_RANGE_LOOP_ANALYSIS = YES;
				CLANG_WARN_STRICT_PROTOTYPES = YES;
				CLANG_WARN_SUSPICIOUS_MOVE = YES;
				CLANG_WARN_UNGUARDED_AVAILABILITY = YES_AGGRESSIVE;
				CLANG_WARN_UNREACHABLE_CODE = YES;
				CLANG_WARN__DUPLICATE_METHOD_MATCH = YES;
				COPY_PHASE_STRIP = NO;
				DEBUG_INFORMATION_FORMAT = dwarf;
				ENABLE_STRICT_OBJC_MSGSEND = YES;
				ENABLE_TESTABILITY = YES;
				GCC_C_LANGUAGE_STANDARD = gnu11;
				GCC_DYNAMIC_NO_PIC = NO;
				GCC_NO_COMMON_BLOCKS = YES;
				GCC_OPTIMIZATION_LEVEL = 0;
				GCC_PREPROCESSOR_DEFINITIONS = (
					"DEBUG=1",
					"$(inherited)",
				);
				GCC_WARN_64_TO_32_BIT_CONVERSION = YES;
				GCC_WARN_ABOUT_RETURN_TYPE = YES_ERROR;
				GCC_WARN_UNDECLARED_SELECTOR = YES;
				GCC_WARN_UNINITIALIZED_AUTOS = YES_AGGRESSIVE;
				GCC_WARN_UNUSED_FUNCTION = YES;
				GCC_WARN_UNUSED_VARIABLE = YES;
				IPHONEOS_DEPLOYMENT_TARGET = 15.2;
				MTL_ENABLE_DEBUG_INFO = INCLUDE_SOURCE;
				MTL_FAST_MATH = YES;
				ONLY_ACTIVE_ARCH = YES;
				SDKROOT = iphoneos;
				SWIFT_ACTIVE_COMPILATION_CONDITIONS = DEBUG;
				SWIFT_OPTIMIZATION_LEVEL = "-Onone";
			};
			name = Debug;
		};
		31A400A927A53F4000CC6E17 /* Release */ = {
			isa = XCBuildConfiguration;
			buildSettings = {
				ALWAYS_SEARCH_USER_PATHS = NO;
				CLANG_ANALYZER_NONNULL = YES;
				CLANG_ANALYZER_NUMBER_OBJECT_CONVERSION = YES_AGGRESSIVE;
				CLANG_CXX_LANGUAGE_STANDARD = "gnu++17";
				CLANG_CXX_LIBRARY = "libc++";
				CLANG_ENABLE_MODULES = YES;
				CLANG_ENABLE_OBJC_ARC = YES;
				CLANG_ENABLE_OBJC_WEAK = YES;
				CLANG_WARN_BLOCK_CAPTURE_AUTORELEASING = YES;
				CLANG_WARN_BOOL_CONVERSION = YES;
				CLANG_WARN_COMMA = YES;
				CLANG_WARN_CONSTANT_CONVERSION = YES;
				CLANG_WARN_DEPRECATED_OBJC_IMPLEMENTATIONS = YES;
				CLANG_WARN_DIRECT_OBJC_ISA_USAGE = YES_ERROR;
				CLANG_WARN_DOCUMENTATION_COMMENTS = YES;
				CLANG_WARN_EMPTY_BODY = YES;
				CLANG_WARN_ENUM_CONVERSION = YES;
				CLANG_WARN_INFINITE_RECURSION = YES;
				CLANG_WARN_INT_CONVERSION = YES;
				CLANG_WARN_NON_LITERAL_NULL_CONVERSION = YES;
				CLANG_WARN_OBJC_IMPLICIT_RETAIN_SELF = YES;
				CLANG_WARN_OBJC_LITERAL_CONVERSION = YES;
				CLANG_WARN_OBJC_ROOT_CLASS = YES_ERROR;
				CLANG_WARN_QUOTED_INCLUDE_IN_FRAMEWORK_HEADER = YES;
				CLANG_WARN_RANGE_LOOP_ANALYSIS = YES;
				CLANG_WARN_STRICT_PROTOTYPES = YES;
				CLANG_WARN_SUSPICIOUS_MOVE = YES;
				CLANG_WARN_UNGUARDED_AVAILABILITY = YES_AGGRESSIVE;
				CLANG_WARN_UNREACHABLE_CODE = YES;
				CLANG_WARN__DUPLICATE_METHOD_MATCH = YES;
				COPY_PHASE_STRIP = NO;
				DEBUG_INFORMATION_FORMAT = "dwarf-with-dsym";
				ENABLE_NS_ASSERTIONS = NO;
				ENABLE_STRICT_OBJC_MSGSEND = YES;
				GCC_C_LANGUAGE_STANDARD = gnu11;
				GCC_NO_COMMON_BLOCKS = YES;
				GCC_WARN_64_TO_32_BIT_CONVERSION = YES;
				GCC_WARN_ABOUT_RETURN_TYPE = YES_ERROR;
				GCC_WARN_UNDECLARED_SELECTOR = YES;
				GCC_WARN_UNINITIALIZED_AUTOS = YES_AGGRESSIVE;
				GCC_WARN_UNUSED_FUNCTION = YES;
				GCC_WARN_UNUSED_VARIABLE = YES;
				IPHONEOS_DEPLOYMENT_TARGET = 15.2;
				MTL_ENABLE_DEBUG_INFO = NO;
				MTL_FAST_MATH = YES;
				SDKROOT = iphoneos;
				SWIFT_COMPILATION_MODE = wholemodule;
				SWIFT_OPTIMIZATION_LEVEL = "-O";
				VALIDATE_PRODUCT = YES;
			};
			name = Release;
		};
		31A400AB27A53F4000CC6E17 /* Debug */ = {
			isa = XCBuildConfiguration;
			buildSettings = {
				ASSETCATALOG_COMPILER_APPICON_NAME = AppIcon;
				ASSETCATALOG_COMPILER_GLOBAL_ACCENT_COLOR_NAME = AccentColor;
				CODE_SIGN_STYLE = Automatic;
				CURRENT_PROJECT_VERSION = 1;
				DEVELOPMENT_ASSET_PATHS = "\"H4K0R News/Preview Content\"";
				DEVELOPMENT_TEAM = SA9LRN63D5;
				ENABLE_PREVIEWS = YES;
				GENERATE_INFOPLIST_FILE = YES;
				INFOPLIST_KEY_UIApplicationSceneManifest_Generation = YES;
				INFOPLIST_KEY_UIApplicationSupportsIndirectInputEvents = YES;
				INFOPLIST_KEY_UILaunchScreen_Generation = YES;
				INFOPLIST_KEY_UISupportedInterfaceOrientations_iPad = "UIInterfaceOrientationPortrait UIInterfaceOrientationPortraitUpsideDown UIInterfaceOrientationLandscapeLeft UIInterfaceOrientationLandscapeRight";
				INFOPLIST_KEY_UISupportedInterfaceOrientations_iPhone = "UIInterfaceOrientationPortrait UIInterfaceOrientationLandscapeLeft UIInterfaceOrientationLandscapeRight";
				LD_RUNPATH_SEARCH_PATHS = (
					"$(inherited)",
					"@executable_path/Frameworks",
				);
				MARKETING_VERSION = 1.0;
				PRODUCT_BUNDLE_IDENTIFIER = "com.rikucherry.H4K0R-News";
				PRODUCT_NAME = "$(TARGET_NAME)";
				SWIFT_EMIT_LOC_STRINGS = YES;
				SWIFT_VERSION = 5.0;
				TARGETED_DEVICE_FAMILY = "1,2";
			};
			name = Debug;
		};
		31A400AC27A53F4000CC6E17 /* Release */ = {
			isa = XCBuildConfiguration;
			buildSettings = {
				ASSETCATALOG_COMPILER_APPICON_NAME = AppIcon;
				ASSETCATALOG_COMPILER_GLOBAL_ACCENT_COLOR_NAME = AccentColor;
				CODE_SIGN_STYLE = Automatic;
				CURRENT_PROJECT_VERSION = 1;
				DEVELOPMENT_ASSET_PATHS = "\"H4K0R News/Preview Content\"";
				DEVELOPMENT_TEAM = SA9LRN63D5;
				ENABLE_PREVIEWS = YES;
				GENERATE_INFOPLIST_FILE = YES;
				INFOPLIST_KEY_UIApplicationSceneManifest_Generation = YES;
				INFOPLIST_KEY_UIApplicationSupportsIndirectInputEvents = YES;
				INFOPLIST_KEY_UILaunchScreen_Generation = YES;
				INFOPLIST_KEY_UISupportedInterfaceOrientations_iPad = "UIInterfaceOrientationPortrait UIInterfaceOrientationPortraitUpsideDown UIInterfaceOrientationLandscapeLeft UIInterfaceOrientationLandscapeRight";
				INFOPLIST_KEY_UISupportedInterfaceOrientations_iPhone = "UIInterfaceOrientationPortrait UIInterfaceOrientationLandscapeLeft UIInterfaceOrientationLandscapeRight";
				LD_RUNPATH_SEARCH_PATHS = (
					"$(inherited)",
					"@executable_path/Frameworks",
				);
				MARKETING_VERSION = 1.0;
				PRODUCT_BUNDLE_IDENTIFIER = "com.rikucherry.H4K0R-News";
				PRODUCT_NAME = "$(TARGET_NAME)";
				SWIFT_EMIT_LOC_STRINGS = YES;
				SWIFT_VERSION = 5.0;
				TARGETED_DEVICE_FAMILY = "1,2";
			};
			name = Release;
		};
/* End XCBuildConfiguration section */

/* Begin XCConfigurationList section */
		31A4009727A53F3E00CC6E17 /* Build configuration list for PBXProject "H4K0R News" */ = {
			isa = XCConfigurationList;
			buildConfigurations = (
				31A400A827A53F4000CC6E17 /* Debug */,
				31A400A927A53F4000CC6E17 /* Release */,
			);
			defaultConfigurationIsVisible = 0;
			defaultConfigurationName = Release;
		};
		31A400AA27A53F4000CC6E17 /* Build configuration list for PBXNativeTarget "H4K0R News" */ = {
			isa = XCConfigurationList;
			buildConfigurations = (
				31A400AB27A53F4000CC6E17 /* Debug */,
				31A400AC27A53F4000CC6E17 /* Release */,
			);
			defaultConfigurationIsVisible = 0;
			defaultConfigurationName = Release;
		};
/* End XCConfigurationList section */
	};
	rootObject = 31A4009427A53F3E00CC6E17 /* Project object */;
}
